
Microsoft Visual Studio Solution File, Format Version 12.00
# Visual Studio Version 17
VisualStudioVersion = 17.0.31903.59
MinimumVisualStudioVersion = 10.0.40219.1
Project("{FAE04EC0-301F-11D3-BF4B-00C04F79EFBC}") = "MSBuildExtension", "Tools\MSBuildExtension\MSBuildExtension.csproj", "{C6235524-7321-4B1D-86D4-9FA44BFDAC16}"
EndProject
Project("{9A19103F-16F7-4668-BE54-9A1E7A4F7556}") = "Macad", "Source\Macad\Macad.csproj", "{6CD3EADE-505E-4F55-A720-4A5E7D88F943}"
	ProjectSection(ProjectDependencies) = postProject
		{7D720461-7B59-43BE-A1D8-57915A296F9E} = {7D720461-7B59-43BE-A1D8-57915A296F9E}
		{42AFF16F-57DD-45BE-A9CC-C6342E3EA23D} = {42AFF16F-57DD-45BE-A9CC-C6342E3EA23D}
		{71D0467D-7B10-49E0-9CC3-444AEEB22439} = {71D0467D-7B10-49E0-9CC3-444AEEB22439}
		{D86316B3-7F16-439C-9BE3-DB64ED7AD058} = {D86316B3-7F16-439C-9BE3-DB64ED7AD058}
		{B80BD2F2-5FC2-49BF-87A3-52469C72812A} = {B80BD2F2-5FC2-49BF-87A3-52469C72812A}
		{D21856FD-FA54-4043-83BD-A41065D2423F} = {D21856FD-FA54-4043-83BD-A41065D2423F}
	EndProjectSection
EndProject
Project("{8BC9CEB8-8B4A-11D0-8D11-00A0C91BC942}") = "Macad.Managed", "Source\Macad.Managed\Macad.Managed.vcxproj", "{B80BD2F2-5FC2-49BF-87A3-52469C72812A}"
	ProjectSection(ProjectDependencies) = postProject
		{D86316B3-7F16-439C-9BE3-DB64ED7AD058} = {D86316B3-7F16-439C-9BE3-DB64ED7AD058}
	EndProjectSection
EndProject
Project("{8BC9CEB8-8B4A-11D0-8D11-00A0C91BC942}") = "Macad.Occt", "Source\Macad.Occt\Macad.Occt.vcxproj", "{D86316B3-7F16-439C-9BE3-DB64ED7AD058}"
EndProject
Project("{9A19103F-16F7-4668-BE54-9A1E7A4F7556}") = "Macad.Interaction", "Source\Macad.Interaction\Macad.Interaction.csproj", "{71D0467D-7B10-49E0-9CC3-444AEEB22439}"
	ProjectSection(ProjectDependencies) = postProject
		{7D720461-7B59-43BE-A1D8-57915A296F9E} = {7D720461-7B59-43BE-A1D8-57915A296F9E}
		{42AFF16F-57DD-45BE-A9CC-C6342E3EA23D} = {42AFF16F-57DD-45BE-A9CC-C6342E3EA23D}
		{D21856FD-FA54-4043-83BD-A41065D2423F} = {D21856FD-FA54-4043-83BD-A41065D2423F}
	EndProjectSection
EndProject
Project("{9A19103F-16F7-4668-BE54-9A1E7A4F7556}") = "Macad.Core", "Source\Macad.Core\Macad.Core.csproj", "{42AFF16F-57DD-45BE-A9CC-C6342E3EA23D}"
EndProject
Project("{9A19103F-16F7-4668-BE54-9A1E7A4F7556}") = "Macad.Exchange", "Source\Macad.Exchange\Macad.Exchange.csproj", "{7979E852-A660-49E9-B7AE-C1241AD25D99}"
EndProject
Project("{9A19103F-16F7-4668-BE54-9A1E7A4F7556}") = "Macad.Resources", "Source\Macad.Resources\Macad.Resources.csproj", "{7D720461-7B59-43BE-A1D8-57915A296F9E}"
	ProjectSection(ProjectDependencies) = postProject
		{C6235524-7321-4B1D-86D4-9FA44BFDAC16} = {C6235524-7321-4B1D-86D4-9FA44BFDAC16}
	EndProjectSection
EndProject
Project("{9A19103F-16F7-4668-BE54-9A1E7A4F7556}") = "Macad.Presentation", "Source\Macad.Presentation\Macad.Presentation.csproj", "{D21856FD-FA54-4043-83BD-A41065D2423F}"
	ProjectSection(ProjectDependencies) = postProject
		{C6235524-7321-4B1D-86D4-9FA44BFDAC16} = {C6235524-7321-4B1D-86D4-9FA44BFDAC16}
		{7D720461-7B59-43BE-A1D8-57915A296F9E} = {7D720461-7B59-43BE-A1D8-57915A296F9E}
	EndProjectSection
EndProject
Project("{9A19103F-16F7-4668-BE54-9A1E7A4F7556}") = "Test.Unit", "Tests\Test.Unit\Test.Unit.csproj", "{CB8167A6-A9E7-4864-A65D-B7526BC67ED0}"
	ProjectSection(ProjectDependencies) = postProject
		{8A1A89B6-3754-41D2-A809-F398066591AC} = {8A1A89B6-3754-41D2-A809-F398066591AC}
	EndProjectSection
EndProject
Project("{9A19103F-16F7-4668-BE54-9A1E7A4F7556}") = "WrapperGenerator", "Tools\WrapperGenerator\WrapperGenerator.csproj", "{3F5671A0-E387-48E7-8256-6F3F58D49D47}"
EndProject
Project("{9A19103F-16F7-4668-BE54-9A1E7A4F7556}") = "Macad.Common", "Source\Macad.Common\Macad.Common.csproj", "{74DCB954-CA11-4E84-BB02-1CCAD61CEE48}"
EndProject
Project("{9A19103F-16F7-4668-BE54-9A1E7A4F7556}") = "Test.UI", "Tests\Test.UI\Test.UI.csproj", "{76E69FCE-0F38-4701-A4E3-14D247C15FDB}"
	ProjectSection(ProjectDependencies) = postProject
		{6CD3EADE-505E-4F55-A720-4A5E7D88F943} = {6CD3EADE-505E-4F55-A720-4A5E7D88F943}
	EndProjectSection
EndProject
Project("{9A19103F-16F7-4668-BE54-9A1E7A4F7556}") = "Test.Memory", "Tests\Test.Memory\Test.Memory.csproj", "{6D1AAD77-F569-48C6-95BC-3250F28251EF}"
EndProject
Project("{9A19103F-16F7-4668-BE54-9A1E7A4F7556}") = "Test.Utils", "Tests\Test.Utils\Test.Utils.csproj", "{123F4185-87CF-4E77-B796-779874292BB4}"
EndProject
Project("{8BC9CEB8-8B4A-11D0-8D11-00A0C91BC942}") = "Macad.ShellExtension", "Source\Macad.ShellExtension\Macad.ShellExtension.vcxproj", "{8A1A89B6-3754-41D2-A809-F398066591AC}"
EndProject
Project("{9A19103F-16F7-4668-BE54-9A1E7A4F7556}") = "SourceGenerator", "Tools\SourceGenerator\SourceGenerator.csproj", "{AAECC5B6-5784-43DC-ADAA-24D7D3D5C204}"
EndProject
Project("{2150E333-8FDC-42A3-9474-1A3956D46DE8}") = "Tools", "Tools", "{833B6B4B-5309-4CF5-8ADC-AF8425ED52D8}"
EndProject
Project("{2150E333-8FDC-42A3-9474-1A3956D46DE8}") = "Source", "Source", "{44BA44A4-4AF7-4B3E-B72F-1756C8F6A2B0}"
EndProject
Project("{2150E333-8FDC-42A3-9474-1A3956D46DE8}") = "Tests", "Tests", "{1E7A6E0B-6919-4177-B0A8-863AF43E0660}"
EndProject
Global
	GlobalSection(SolutionConfigurationPlatforms) = preSolution
		Debug|Any CPU = Debug|Any CPU
		Debug|x64 = Debug|x64
		Release|Any CPU = Release|Any CPU
		Release|x64 = Release|x64
	EndGlobalSection
	GlobalSection(ProjectConfigurationPlatforms) = postSolution
		{C6235524-7321-4B1D-86D4-9FA44BFDAC16}.Debug|Any CPU.ActiveCfg = Debug|Any CPU
		{C6235524-7321-4B1D-86D4-9FA44BFDAC16}.Debug|Any CPU.Build.0 = Debug|Any CPU
		{C6235524-7321-4B1D-86D4-9FA44BFDAC16}.Debug|x64.ActiveCfg = Release|Any CPU
		{C6235524-7321-4B1D-86D4-9FA44BFDAC16}.Debug|x64.Build.0 = Release|Any CPU
		{C6235524-7321-4B1D-86D4-9FA44BFDAC16}.Release|Any CPU.ActiveCfg = Release|Any CPU
		{C6235524-7321-4B1D-86D4-9FA44BFDAC16}.Release|Any CPU.Build.0 = Release|Any CPU
		{C6235524-7321-4B1D-86D4-9FA44BFDAC16}.Release|x64.ActiveCfg = Release|Any CPU
		{C6235524-7321-4B1D-86D4-9FA44BFDAC16}.Release|x64.Build.0 = Release|Any CPU
		{6CD3EADE-505E-4F55-A720-4A5E7D88F943}.Debug|Any CPU.ActiveCfg = Debug|x64
		{6CD3EADE-505E-4F55-A720-4A5E7D88F943}.Debug|x64.ActiveCfg = Debug|x64
		{6CD3EADE-505E-4F55-A720-4A5E7D88F943}.Debug|x64.Build.0 = Debug|x64
		{6CD3EADE-505E-4F55-A720-4A5E7D88F943}.Release|Any CPU.ActiveCfg = Release|x64
		{6CD3EADE-505E-4F55-A720-4A5E7D88F943}.Release|x64.ActiveCfg = Release|x64
		{6CD3EADE-505E-4F55-A720-4A5E7D88F943}.Release|x64.Build.0 = Release|x64
		{B80BD2F2-5FC2-49BF-87A3-52469C72812A}.Debug|Any CPU.ActiveCfg = Debug|x64
		{B80BD2F2-5FC2-49BF-87A3-52469C72812A}.Debug|x64.ActiveCfg = Debug|x64
		{B80BD2F2-5FC2-49BF-87A3-52469C72812A}.Debug|x64.Build.0 = Debug|x64
		{B80BD2F2-5FC2-49BF-87A3-52469C72812A}.Release|Any CPU.ActiveCfg = Release|x64
		{B80BD2F2-5FC2-49BF-87A3-52469C72812A}.Release|x64.ActiveCfg = Release|x64
		{B80BD2F2-5FC2-49BF-87A3-52469C72812A}.Release|x64.Build.0 = Release|x64
		{D86316B3-7F16-439C-9BE3-DB64ED7AD058}.Debug|Any CPU.ActiveCfg = Debug|x64
		{D86316B3-7F16-439C-9BE3-DB64ED7AD058}.Debug|x64.ActiveCfg = Debug|x64
		{D86316B3-7F16-439C-9BE3-DB64ED7AD058}.Debug|x64.Build.0 = Debug|x64
		{D86316B3-7F16-439C-9BE3-DB64ED7AD058}.Release|Any CPU.ActiveCfg = Release|x64
		{D86316B3-7F16-439C-9BE3-DB64ED7AD058}.Release|x64.ActiveCfg = Release|x64
		{D86316B3-7F16-439C-9BE3-DB64ED7AD058}.Release|x64.Build.0 = Release|x64
		{71D0467D-7B10-49E0-9CC3-444AEEB22439}.Debug|Any CPU.ActiveCfg = Debug|x64
		{71D0467D-7B10-49E0-9CC3-444AEEB22439}.Debug|x64.ActiveCfg = Debug|x64
		{71D0467D-7B10-49E0-9CC3-444AEEB22439}.Debug|x64.Build.0 = Debug|x64
		{71D0467D-7B10-49E0-9CC3-444AEEB22439}.Release|Any CPU.ActiveCfg = Release|x64
		{71D0467D-7B10-49E0-9CC3-444AEEB22439}.Release|x64.ActiveCfg = Release|x64
		{71D0467D-7B10-49E0-9CC3-444AEEB22439}.Release|x64.Build.0 = Release|x64
		{42AFF16F-57DD-45BE-A9CC-C6342E3EA23D}.Debug|Any CPU.ActiveCfg = Debug|x64
		{42AFF16F-57DD-45BE-A9CC-C6342E3EA23D}.Debug|x64.ActiveCfg = Debug|x64
		{42AFF16F-57DD-45BE-A9CC-C6342E3EA23D}.Debug|x64.Build.0 = Debug|x64
		{42AFF16F-57DD-45BE-A9CC-C6342E3EA23D}.Release|Any CPU.ActiveCfg = Release|x64
		{42AFF16F-57DD-45BE-A9CC-C6342E3EA23D}.Release|x64.ActiveCfg = Release|x64
		{42AFF16F-57DD-45BE-A9CC-C6342E3EA23D}.Release|x64.Build.0 = Release|x64
		{7979E852-A660-49E9-B7AE-C1241AD25D99}.Debug|Any CPU.ActiveCfg = Debug|x64
		{7979E852-A660-49E9-B7AE-C1241AD25D99}.Debug|x64.ActiveCfg = Debug|x64
		{7979E852-A660-49E9-B7AE-C1241AD25D99}.Debug|x64.Build.0 = Debug|x64
		{7979E852-A660-49E9-B7AE-C1241AD25D99}.Release|Any CPU.ActiveCfg = Release|x64
		{7979E852-A660-49E9-B7AE-C1241AD25D99}.Release|x64.ActiveCfg = Release|x64
		{7979E852-A660-49E9-B7AE-C1241AD25D99}.Release|x64.Build.0 = Release|x64
		{7D720461-7B59-43BE-A1D8-57915A296F9E}.Debug|Any CPU.ActiveCfg = Debug|Any CPU
		{7D720461-7B59-43BE-A1D8-57915A296F9E}.Debug|Any CPU.Build.0 = Debug|Any CPU
		{7D720461-7B59-43BE-A1D8-57915A296F9E}.Debug|x64.ActiveCfg = Debug|Any CPU
		{7D720461-7B59-43BE-A1D8-57915A296F9E}.Debug|x64.Build.0 = Debug|Any CPU
		{7D720461-7B59-43BE-A1D8-57915A296F9E}.Release|Any CPU.ActiveCfg = Release|Any CPU
		{7D720461-7B59-43BE-A1D8-57915A296F9E}.Release|Any CPU.Build.0 = Release|Any CPU
		{7D720461-7B59-43BE-A1D8-57915A296F9E}.Release|x64.ActiveCfg = Release|Any CPU
		{7D720461-7B59-43BE-A1D8-57915A296F9E}.Release|x64.Build.0 = Release|Any CPU
		{D21856FD-FA54-4043-83BD-A41065D2423F}.Debug|Any CPU.ActiveCfg = Debug|Any CPU
		{D21856FD-FA54-4043-83BD-A41065D2423F}.Debug|Any CPU.Build.0 = Debug|Any CPU
		{D21856FD-FA54-4043-83BD-A41065D2423F}.Debug|x64.ActiveCfg = Debug|Any CPU
		{D21856FD-FA54-4043-83BD-A41065D2423F}.Debug|x64.Build.0 = Debug|Any CPU
		{D21856FD-FA54-4043-83BD-A41065D2423F}.Release|Any CPU.ActiveCfg = Release|Any CPU
		{D21856FD-FA54-4043-83BD-A41065D2423F}.Release|Any CPU.Build.0 = Release|Any CPU
		{D21856FD-FA54-4043-83BD-A41065D2423F}.Release|x64.ActiveCfg = Release|Any CPU
		{D21856FD-FA54-4043-83BD-A41065D2423F}.Release|x64.Build.0 = Release|Any CPU
		{CB8167A6-A9E7-4864-A65D-B7526BC67ED0}.Debug|Any CPU.ActiveCfg = Debug|x64
		{CB8167A6-A9E7-4864-A65D-B7526BC67ED0}.Debug|x64.ActiveCfg = Debug|x64
		{CB8167A6-A9E7-4864-A65D-B7526BC67ED0}.Debug|x64.Build.0 = Debug|x64
		{CB8167A6-A9E7-4864-A65D-B7526BC67ED0}.Release|Any CPU.ActiveCfg = Release|x64
		{CB8167A6-A9E7-4864-A65D-B7526BC67ED0}.Release|x64.ActiveCfg = Release|x64
		{CB8167A6-A9E7-4864-A65D-B7526BC67ED0}.Release|x64.Build.0 = Release|x64
		{3F5671A0-E387-48E7-8256-6F3F58D49D47}.Debug|Any CPU.ActiveCfg = Debug|Any CPU
		{3F5671A0-E387-48E7-8256-6F3F58D49D47}.Debug|Any CPU.Build.0 = Debug|Any CPU
		{3F5671A0-E387-48E7-8256-6F3F58D49D47}.Debug|x64.ActiveCfg = Debug|Any CPU
		{3F5671A0-E387-48E7-8256-6F3F58D49D47}.Debug|x64.Build.0 = Debug|Any CPU
		{3F5671A0-E387-48E7-8256-6F3F58D49D47}.Release|Any CPU.ActiveCfg = Release|Any CPU
		{3F5671A0-E387-48E7-8256-6F3F58D49D47}.Release|Any CPU.Build.0 = Release|Any CPU
		{3F5671A0-E387-48E7-8256-6F3F58D49D47}.Release|x64.ActiveCfg = Release|Any CPU
		{3F5671A0-E387-48E7-8256-6F3F58D49D47}.Release|x64.Build.0 = Release|Any CPU
		{74DCB954-CA11-4E84-BB02-1CCAD61CEE48}.Debug|Any CPU.ActiveCfg = Debug|Any CPU
		{74DCB954-CA11-4E84-BB02-1CCAD61CEE48}.Debug|Any CPU.Build.0 = Debug|Any CPU
		{74DCB954-CA11-4E84-BB02-1CCAD61CEE48}.Debug|x64.ActiveCfg = Debug|Any CPU
		{74DCB954-CA11-4E84-BB02-1CCAD61CEE48}.Debug|x64.Build.0 = Debug|Any CPU
		{74DCB954-CA11-4E84-BB02-1CCAD61CEE48}.Release|Any CPU.ActiveCfg = Release|Any CPU
		{74DCB954-CA11-4E84-BB02-1CCAD61CEE48}.Release|Any CPU.Build.0 = Release|Any CPU
		{74DCB954-CA11-4E84-BB02-1CCAD61CEE48}.Release|x64.ActiveCfg = Release|Any CPU
		{74DCB954-CA11-4E84-BB02-1CCAD61CEE48}.Release|x64.Build.0 = Release|Any CPU
		{76E69FCE-0F38-4701-A4E3-14D247C15FDB}.Debug|Any CPU.ActiveCfg = Debug|Any CPU
		{76E69FCE-0F38-4701-A4E3-14D247C15FDB}.Debug|Any CPU.Build.0 = Debug|Any CPU
		{76E69FCE-0F38-4701-A4E3-14D247C15FDB}.Debug|x64.ActiveCfg = Debug|Any CPU
		{76E69FCE-0F38-4701-A4E3-14D247C15FDB}.Debug|x64.Build.0 = Debug|Any CPU
		{76E69FCE-0F38-4701-A4E3-14D247C15FDB}.Release|Any CPU.ActiveCfg = Release|Any CPU
		{76E69FCE-0F38-4701-A4E3-14D247C15FDB}.Release|Any CPU.Build.0 = Release|Any CPU
		{76E69FCE-0F38-4701-A4E3-14D247C15FDB}.Release|x64.ActiveCfg = Release|Any CPU
		{76E69FCE-0F38-4701-A4E3-14D247C15FDB}.Release|x64.Build.0 = Release|Any CPU
		{6D1AAD77-F569-48C6-95BC-3250F28251EF}.Debug|Any CPU.ActiveCfg = Debug|x64
		{6D1AAD77-F569-48C6-95BC-3250F28251EF}.Debug|x64.ActiveCfg = Debug|x64
		{6D1AAD77-F569-48C6-95BC-3250F28251EF}.Debug|x64.Build.0 = Debug|x64
		{6D1AAD77-F569-48C6-95BC-3250F28251EF}.Release|Any CPU.ActiveCfg = Release|x64
		{6D1AAD77-F569-48C6-95BC-3250F28251EF}.Release|x64.ActiveCfg = Release|x64
		{6D1AAD77-F569-48C6-95BC-3250F28251EF}.Release|x64.Build.0 = Release|x64
		{123F4185-87CF-4E77-B796-779874292BB4}.Debug|Any CPU.ActiveCfg = Debug|x64
		{123F4185-87CF-4E77-B796-779874292BB4}.Debug|x64.ActiveCfg = Debug|x64
		{123F4185-87CF-4E77-B796-779874292BB4}.Debug|x64.Build.0 = Debug|x64
		{123F4185-87CF-4E77-B796-779874292BB4}.Release|Any CPU.ActiveCfg = Release|x64
		{123F4185-87CF-4E77-B796-779874292BB4}.Release|x64.ActiveCfg = Release|x64
		{123F4185-87CF-4E77-B796-779874292BB4}.Release|x64.Build.0 = Release|x64
		{8A1A89B6-3754-41D2-A809-F398066591AC}.Debug|Any CPU.ActiveCfg = Debug|x64
		{8A1A89B6-3754-41D2-A809-F398066591AC}.Debug|x64.ActiveCfg = Debug|x64
		{8A1A89B6-3754-41D2-A809-F398066591AC}.Debug|x64.Build.0 = Debug|x64
		{8A1A89B6-3754-41D2-A809-F398066591AC}.Release|Any CPU.ActiveCfg = Release|x64
		{8A1A89B6-3754-41D2-A809-F398066591AC}.Release|x64.ActiveCfg = Release|x64
		{8A1A89B6-3754-41D2-A809-F398066591AC}.Release|x64.Build.0 = Release|x64
		{AAECC5B6-5784-43DC-ADAA-24D7D3D5C204}.Debug|Any CPU.ActiveCfg = Debug|Any CPU
		{AAECC5B6-5784-43DC-ADAA-24D7D3D5C204}.Debug|Any CPU.Build.0 = Debug|Any CPU
		{AAECC5B6-5784-43DC-ADAA-24D7D3D5C204}.Debug|x64.ActiveCfg = Debug|Any CPU
		{AAECC5B6-5784-43DC-ADAA-24D7D3D5C204}.Debug|x64.Build.0 = Debug|Any CPU
		{AAECC5B6-5784-43DC-ADAA-24D7D3D5C204}.Release|Any CPU.ActiveCfg = Release|Any CPU
		{AAECC5B6-5784-43DC-ADAA-24D7D3D5C204}.Release|Any CPU.Build.0 = Release|Any CPU
		{AAECC5B6-5784-43DC-ADAA-24D7D3D5C204}.Release|x64.ActiveCfg = Release|Any CPU
		{AAECC5B6-5784-43DC-ADAA-24D7D3D5C204}.Release|x64.Build.0 = Release|Any CPU
	EndGlobalSection
	GlobalSection(SolutionProperties) = preSolution
		HideSolutionNode = FALSE
	EndGlobalSection
	GlobalSection(NestedProjects) = preSolution
		{C6235524-7321-4B1D-86D4-9FA44BFDAC16} = {833B6B4B-5309-4CF5-8ADC-AF8425ED52D8}
		{6CD3EADE-505E-4F55-A720-4A5E7D88F943} = {44BA44A4-4AF7-4B3E-B72F-1756C8F6A2B0}
		{B80BD2F2-5FC2-49BF-87A3-52469C72812A} = {44BA44A4-4AF7-4B3E-B72F-1756C8F6A2B0}
		{D86316B3-7F16-439C-9BE3-DB64ED7AD058} = {44BA44A4-4AF7-4B3E-B72F-1756C8F6A2B0}
		{71D0467D-7B10-49E0-9CC3-444AEEB22439} = {44BA44A4-4AF7-4B3E-B72F-1756C8F6A2B0}
		{42AFF16F-57DD-45BE-A9CC-C6342E3EA23D} = {44BA44A4-4AF7-4B3E-B72F-1756C8F6A2B0}
		{7979E852-A660-49E9-B7AE-C1241AD25D99} = {44BA44A4-4AF7-4B3E-B72F-1756C8F6A2B0}
		{7D720461-7B59-43BE-A1D8-57915A296F9E} = {44BA44A4-4AF7-4B3E-B72F-1756C8F6A2B0}
		{D21856FD-FA54-4043-83BD-A41065D2423F} = {44BA44A4-4AF7-4B3E-B72F-1756C8F6A2B0}
		{CB8167A6-A9E7-4864-A65D-B7526BC67ED0} = {1E7A6E0B-6919-4177-B0A8-863AF43E0660}
		{3F5671A0-E387-48E7-8256-6F3F58D49D47} = {833B6B4B-5309-4CF5-8ADC-AF8425ED52D8}
		{74DCB954-CA11-4E84-BB02-1CCAD61CEE48} = {44BA44A4-4AF7-4B3E-B72F-1756C8F6A2B0}
		{76E69FCE-0F38-4701-A4E3-14D247C15FDB} = {1E7A6E0B-6919-4177-B0A8-863AF43E0660}
		{6D1AAD77-F569-48C6-95BC-3250F28251EF} = {1E7A6E0B-6919-4177-B0A8-863AF43E0660}
		{123F4185-87CF-4E77-B796-779874292BB4} = {1E7A6E0B-6919-4177-B0A8-863AF43E0660}
		{8A1A89B6-3754-41D2-A809-F398066591AC} = {44BA44A4-4AF7-4B3E-B72F-1756C8F6A2B0}
		{AAECC5B6-5784-43DC-ADAA-24D7D3D5C204} = {833B6B4B-5309-4CF5-8ADC-AF8425ED52D8}
	EndGlobalSection
	GlobalSection(ExtensibilityGlobals) = postSolution
		SolutionGuid = {693EE76A-A044-492C-AAB9-71873727E3EC}
	EndGlobalSection
EndGlobal
